
Microsoft Visual Studio Solution File, Format Version 12.00
# Visual Studio Version 17
VisualStudioVersion = 17.11.35312.102
MinimumVisualStudioVersion = 10.0.40219.1
Project("{2150E333-8FDC-42A3-9474-1A3956D46DE8}") = "src", "src", "{1EE06ABD-1EA2-4699-872F-1989624414E1}"
EndProject
Project("{FAE04EC0-301F-11D3-BF4B-00C04F79EFBC}") = "Application", "src\Application\Application.csproj", "{FE68CC4C-122F-4F36-966E-40683B36B4D1}"
EndProject
Project("{FAE04EC0-301F-11D3-BF4B-00C04F79EFBC}") = "Domain", "src\Domain\Domain.csproj", "{D876687A-FE9C-42D0-AA47-F6471DFC70B1}"
EndProject
Project("{FAE04EC0-301F-11D3-BF4B-00C04F79EFBC}") = "Infrastructure", "src\Infrastructure\Infrastructure.csproj", "{F40376F3-5BEE-485A-BB05-1869C3BF0F05}"
EndProject
Project("{FAE04EC0-301F-11D3-BF4B-00C04F79EFBC}") = "Persistence", "src\Persistence\Persistence.csproj", "{E4AA0C27-C418-4B15-88E4-931D700B9E87}"
EndProject
Project("{FAE04EC0-301F-11D3-BF4B-00C04F79EFBC}") = "WebApi", "src\WebApi\WebApi.csproj", "{96E1A652-DC32-4612-B8E5-7312BEEEBE61}"
EndProject
Global
	GlobalSection(SolutionConfigurationPlatforms) = preSolution
		Debug|Any CPU = Debug|Any CPU
		Release|Any CPU = Release|Any CPU
	EndGlobalSection
	GlobalSection(ProjectConfigurationPlatforms) = postSolution
		{FE68CC4C-122F-4F36-966E-40683B36B4D1}.Debug|Any CPU.ActiveCfg = Debug|Any CPU
		{FE68CC4C-122F-4F36-966E-40683B36B4D1}.Debug|Any CPU.Build.0 = Debug|Any CPU
		{FE68CC4C-122F-4F36-966E-40683B36B4D1}.Release|Any CPU.ActiveCfg = Release|Any CPU
		{FE68CC4C-122F-4F36-966E-40683B36B4D1}.Release|Any CPU.Build.0 = Release|Any CPU
		{D876687A-FE9C-42D0-AA47-F6471DFC70B1}.Debug|Any CPU.ActiveCfg = Debug|Any CPU
		{D876687A-FE9C-42D0-AA47-F6471DFC70B1}.Debug|Any CPU.Build.0 = Debug|Any CPU
		{D876687A-FE9C-42D0-AA47-F6471DFC70B1}.Release|Any CPU.ActiveCfg = Release|Any CPU
		{D876687A-FE9C-42D0-AA47-F6471DFC70B1}.Release|Any CPU.Build.0 = Release|Any CPU
		{F40376F3-5BEE-485A-BB05-1869C3BF0F05}.Debug|Any CPU.ActiveCfg = Debug|Any CPU
		{F40376F3-5BEE-485A-BB05-1869C3BF0F05}.Debug|Any CPU.Build.0 = Debug|Any CPU
		{F40376F3-5BEE-485A-BB05-1869C3BF0F05}.Release|Any CPU.ActiveCfg = Release|Any CPU
		{F40376F3-5BEE-485A-BB05-1869C3BF0F05}.Release|Any CPU.Build.0 = Release|Any CPU
		{E4AA0C27-C418-4B15-88E4-931D700B9E87}.Debug|Any CPU.ActiveCfg = Debug|Any CPU
		{E4AA0C27-C418-4B15-88E4-931D700B9E87}.Debug|Any CPU.Build.0 = Debug|Any CPU
		{E4AA0C27-C418-4B15-88E4-931D700B9E87}.Release|Any CPU.ActiveCfg = Release|Any CPU
		{E4AA0C27-C418-4B15-88E4-931D700B9E87}.Release|Any CPU.Build.0 = Release|Any CPU
		{96E1A652-DC32-4612-B8E5-7312BEEEBE61}.Debug|Any CPU.ActiveCfg = Debug|Any CPU
		{96E1A652-DC32-4612-B8E5-7312BEEEBE61}.Debug|Any CPU.Build.0 = Debug|Any CPU
		{96E1A652-DC32-4612-B8E5-7312BEEEBE61}.Release|Any CPU.ActiveCfg = Release|Any CPU
		{96E1A652-DC32-4612-B8E5-7312BEEEBE61}.Release|Any CPU.Build.0 = Release|Any CPU
	EndGlobalSection
	GlobalSection(SolutionProperties) = preSolution
		HideSolutionNode = FALSE
	EndGlobalSection
	GlobalSection(NestedProjects) = preSolution
		{FE68CC4C-122F-4F36-966E-40683B36B4D1} = {1EE06ABD-1EA2-4699-872F-1989624414E1}
		{D876687A-FE9C-42D0-AA47-F6471DFC70B1} = {1EE06ABD-1EA2-4699-872F-1989624414E1}
		{F40376F3-5BEE-485A-BB05-1869C3BF0F05} = {1EE06ABD-1EA2-4699-872F-1989624414E1}
		{E4AA0C27-C418-4B15-88E4-931D700B9E87} = {1EE06ABD-1EA2-4699-872F-1989624414E1}
		{96E1A652-DC32-4612-B8E5-7312BEEEBE61} = {1EE06ABD-1EA2-4699-872F-1989624414E1}
	EndGlobalSection
	GlobalSection(ExtensibilityGlobals) = postSolution
		SolutionGuid = {2C89314B-1A7F-4C36-B6BE-B97934DDACB0}
	EndGlobalSection
EndGlobal
